
Microsoft Visual Studio Solution File, Format Version 12.00
# Visual Studio Version 17
VisualStudioVersion = 17.3.32901.215
MinimumVisualStudioVersion = 10.0.40219.1
Project("{FAE04EC0-301F-11D3-BF4B-00C04F79EFBC}") = "Prescription", "Prescription\Prescription.csproj", "{A798C49B-12CC-4C24-B243-9AC4159A0528}"
EndProject
Global
	GlobalSection(SolutionConfigurationPlatforms) = preSolution
		Debug|Any CPU = Debug|Any CPU
		Release|Any CPU = Release|Any CPU
	EndGlobalSection
	GlobalSection(ProjectConfigurationPlatforms) = postSolution
		{A798C49B-12CC-4C24-B243-9AC4159A0528}.Debug|Any CPU.ActiveCfg = Debug|Any CPU
		{A798C49B-12CC-4C24-B243-9AC4159A0528}.Debug|Any CPU.Build.0 = Debug|Any CPU
		{A798C49B-12CC-4C24-B243-9AC4159A0528}.Release|Any CPU.ActiveCfg = Release|Any CPU
		{A798C49B-12CC-4C24-B243-9AC4159A0528}.Release|Any CPU.Build.0 = Release|Any CPU
	EndGlobalSection
	GlobalSection(SolutionProperties) = preSolution
		HideSolutionNode = FALSE
	EndGlobalSection
	GlobalSection(ExtensibilityGlobals) = postSolution
		SolutionGuid = {45B1D4FC-A128-457C-AFFB-834DD3D6BB2E}
	EndGlobalSection
EndGlobal
